// !$*UTF8*$!
{
	archiveVersion = 1;
	classes = {
	};
	objectVersion = 55;
	objects = {

/* Begin PBXBuildFile section */
		54C68EF22806A6AA00AA2356 /* AppDelegate.swift in Sources */ = {isa = PBXBuildFile; fileRef = 54C68EF12806A6AA00AA2356 /* AppDelegate.swift */; };
		54C68EF42806A6AA00AA2356 /* SceneDelegate.swift in Sources */ = {isa = PBXBuildFile; fileRef = 54C68EF32806A6AA00AA2356 /* SceneDelegate.swift */; };
		54C68EF62806A6AA00AA2356 /* ViewController.swift in Sources */ = {isa = PBXBuildFile; fileRef = 54C68EF52806A6AA00AA2356 /* ViewController.swift */; };
		54C68EF92806A6AA00AA2356 /* Main.storyboard in Resources */ = {isa = PBXBuildFile; fileRef = 54C68EF72806A6AA00AA2356 /* Main.storyboard */; };
		54C68EFC2806A6AA00AA2356 /* iOSExample.xcdatamodeld in Sources */ = {isa = PBXBuildFile; fileRef = 54C68EFA2806A6AA00AA2356 /* iOSExample.xcdatamodeld */; };
		54C68EFE2806A6AB00AA2356 /* Assets.xcassets in Resources */ = {isa = PBXBuildFile; fileRef = 54C68EFD2806A6AB00AA2356 /* Assets.xcassets */; };
		54C68F012806A6AB00AA2356 /* LaunchScreen.storyboard in Resources */ = {isa = PBXBuildFile; fileRef = 54C68EFF2806A6AB00AA2356 /* LaunchScreen.storyboard */; };
		54C68F4E2806ED9C00AA2356 /* iOS in Frameworks */ = {isa = PBXBuildFile; productRef = 54C68F4D2806ED9C00AA2356 /* iOS */; };
/* End PBXBuildFile section */

/* Begin PBXFileReference section */
		54C68EEE2806A6AA00AA2356 /* iOSExample.app */ = {isa = PBXFileReference; explicitFileType = wrapper.application; includeInIndex = 0; path = iOSExample.app; sourceTree = BUILT_PRODUCTS_DIR; };
		54C68EF12806A6AA00AA2356 /* AppDelegate.swift */ = {isa = PBXFileReference; lastKnownFileType = sourcecode.swift; path = AppDelegate.swift; sourceTree = "<group>"; };
		54C68EF32806A6AA00AA2356 /* SceneDelegate.swift */ = {isa = PBXFileReference; lastKnownFileType = sourcecode.swift; path = SceneDelegate.swift; sourceTree = "<group>"; };
		54C68EF52806A6AA00AA2356 /* ViewController.swift */ = {isa = PBXFileReference; lastKnownFileType = sourcecode.swift; path = ViewController.swift; sourceTree = "<group>"; };
		54C68EF82806A6AA00AA2356 /* Base */ = {isa = PBXFileReference; lastKnownFileType = file.storyboard; name = Base; path = Base.lproj/Main.storyboard; sourceTree = "<group>"; };
		54C68EFB2806A6AA00AA2356 /* iOSExample.xcdatamodel */ = {isa = PBXFileReference; lastKnownFileType = wrapper.xcdatamodel; path = iOSExample.xcdatamodel; sourceTree = "<group>"; };
		54C68EFD2806A6AB00AA2356 /* Assets.xcassets */ = {isa = PBXFileReference; lastKnownFileType = folder.assetcatalog; path = Assets.xcassets; sourceTree = "<group>"; };
		54C68F002806A6AB00AA2356 /* Base */ = {isa = PBXFileReference; lastKnownFileType = file.storyboard; name = Base; path = Base.lproj/LaunchScreen.storyboard; sourceTree = "<group>"; };
		54C68F022806A6AB00AA2356 /* Info.plist */ = {isa = PBXFileReference; lastKnownFileType = text.plist.xml; path = Info.plist; sourceTree = "<group>"; };
		54C68F262806A71F00AA2356 /* iOSExample.entitlements */ = {isa = PBXFileReference; lastKnownFileType = text.plist.entitlements; path = iOSExample.entitlements; sourceTree = "<group>"; };
/* End PBXFileReference section */

/* Begin PBXFrameworksBuildPhase section */
		54C68EEB2806A6AA00AA2356 /* Frameworks */ = {
			isa = PBXFrameworksBuildPhase;
			buildActionMask = 2147483647;
			files = (
				54C68F4E2806ED9C00AA2356 /* iOS in Frameworks */,
			);
			runOnlyForDeploymentPostprocessing = 0;
		};
/* End PBXFrameworksBuildPhase section */

/* Begin PBXGroup section */
		54C68EE52806A6AA00AA2356 = {
			isa = PBXGroup;
			children = (
				54C68EF02806A6AA00AA2356 /* iOSExample */,
				54C68EEF2806A6AA00AA2356 /* Products */,
				54C68F342806AE3A00AA2356 /* Frameworks */,
			);
			sourceTree = "<group>";
		};
		54C68EEF2806A6AA00AA2356 /* Products */ = {
			isa = PBXGroup;
			children = (
				54C68EEE2806A6AA00AA2356 /* iOSExample.app */,
			);
			name = Products;
			sourceTree = "<group>";
		};
		54C68EF02806A6AA00AA2356 /* iOSExample */ = {
			isa = PBXGroup;
			children = (
				54C68F262806A71F00AA2356 /* iOSExample.entitlements */,
				54C68EF12806A6AA00AA2356 /* AppDelegate.swift */,
				54C68EF32806A6AA00AA2356 /* SceneDelegate.swift */,
				54C68EF52806A6AA00AA2356 /* ViewController.swift */,
				54C68EF72806A6AA00AA2356 /* Main.storyboard */,
				54C68EFD2806A6AB00AA2356 /* Assets.xcassets */,
				54C68EFF2806A6AB00AA2356 /* LaunchScreen.storyboard */,
				54C68F022806A6AB00AA2356 /* Info.plist */,
				54C68EFA2806A6AA00AA2356 /* iOSExample.xcdatamodeld */,
			);
			path = iOSExample;
			sourceTree = "<group>";
		};
		54C68F342806AE3A00AA2356 /* Frameworks */ = {
			isa = PBXGroup;
			children = (
			);
			name = Frameworks;
			sourceTree = "<group>";
		};
/* End PBXGroup section */

/* Begin PBXNativeTarget section */
		54C68EED2806A6AA00AA2356 /* iOSExample */ = {
			isa = PBXNativeTarget;
			buildConfigurationList = 54C68F052806A6AB00AA2356 /* Build configuration list for PBXNativeTarget "iOSExample" */;
			buildPhases = (
				54C68EEA2806A6AA00AA2356 /* Sources */,
				54C68EEB2806A6AA00AA2356 /* Frameworks */,
				54C68EEC2806A6AA00AA2356 /* Resources */,
			);
			buildRules = (
			);
			dependencies = (
			);
			name = iOSExample;
			packageProductDependencies = (
				54C68F4D2806ED9C00AA2356 /* iOS */,
			);
			productName = iOSExample;
			productReference = 54C68EEE2806A6AA00AA2356 /* iOSExample.app */;
			productType = "com.apple.product-type.application";
		};
/* End PBXNativeTarget section */

/* Begin PBXProject section */
		54C68EE62806A6AA00AA2356 /* Project object */ = {
			isa = PBXProject;
			attributes = {
				BuildIndependentTargetsInParallel = 1;
				LastSwiftUpdateCheck = 1320;
				LastUpgradeCheck = 1320;
				TargetAttributes = {
					54C68EED2806A6AA00AA2356 = {
						CreatedOnToolsVersion = 13.2.1;
					};
				};
			};
			buildConfigurationList = 54C68EE92806A6AA00AA2356 /* Build configuration list for PBXProject "iOSExample" */;
			compatibilityVersion = "Xcode 13.0";
			developmentRegion = en;
			hasScannedForEncodings = 0;
			knownRegions = (
				en,
				Base,
			);
			mainGroup = 54C68EE52806A6AA00AA2356;
			productRefGroup = 54C68EEF2806A6AA00AA2356 /* Products */;
			projectDirPath = "";
			projectRoot = "";
			targets = (
				54C68EED2806A6AA00AA2356 /* iOSExample */,
			);
		};
/* End PBXProject section */

/* Begin PBXResourcesBuildPhase section */
		54C68EEC2806A6AA00AA2356 /* Resources */ = {
			isa = PBXResourcesBuildPhase;
			buildActionMask = 2147483647;
			files = (
				54C68F012806A6AB00AA2356 /* LaunchScreen.storyboard in Resources */,
				54C68EFE2806A6AB00AA2356 /* Assets.xcassets in Resources */,
				54C68EF92806A6AA00AA2356 /* Main.storyboard in Resources */,
			);
			runOnlyForDeploymentPostprocessing = 0;
		};
/* End PBXResourcesBuildPhase section */

/* Begin PBXSourcesBuildPhase section */
		54C68EEA2806A6AA00AA2356 /* Sources */ = {
			isa = PBXSourcesBuildPhase;
			buildActionMask = 2147483647;
			files = (
				54C68EF62806A6AA00AA2356 /* ViewController.swift in Sources */,
				54C68EF22806A6AA00AA2356 /* AppDelegate.swift in Sources */,
				54C68EFC2806A6AA00AA2356 /* iOSExample.xcdatamodeld in Sources */,
				54C68EF42806A6AA00AA2356 /* SceneDelegate.swift in Sources */,
			);
			runOnlyForDeploymentPostprocessing = 0;
		};
/* End PBXSourcesBuildPhase section */

/* Begin PBXVariantGroup section */
		54C68EF72806A6AA00AA2356 /* Main.storyboard */ = {
			isa = PBXVariantGroup;
			children = (
				54C68EF82806A6AA00AA2356 /* Base */,
			);
			name = Main.storyboard;
			sourceTree = "<group>";
		};
		54C68EFF2806A6AB00AA2356 /* LaunchScreen.storyboard */ = {
			isa = PBXVariantGroup;
			children = (
				54C68F002806A6AB00AA2356 /* Base */,
			);
			name = LaunchScreen.storyboard;
			sourceTree = "<group>";
		};
/* End PBXVariantGroup section */

/* Begin XCBuildConfiguration section */
		54C68F032806A6AB00AA2356 /* Debug */ = {
			isa = XCBuildConfiguration;
			buildSettings = {
				ALWAYS_SEARCH_USER_PATHS = NO;
				CLANG_ANALYZER_NONNULL = YES;
				CLANG_ANALYZER_NUMBER_OBJECT_CONVERSION = YES_AGGRESSIVE;
				CLANG_CXX_LANGUAGE_STANDARD = "gnu++17";
				CLANG_CXX_LIBRARY = "libc++";
				CLANG_ENABLE_MODULES = YES;
				CLANG_ENABLE_OBJC_ARC = YES;
				CLANG_ENABLE_OBJC_WEAK = YES;
				CLANG_WARN_BLOCK_CAPTURE_AUTORELEASING = YES;
				CLANG_WARN_BOOL_CONVERSION = YES;
				CLANG_WARN_COMMA = YES;
				CLANG_WARN_CONSTANT_CONVERSION = YES;
				CLANG_WARN_DEPRECATED_OBJC_IMPLEMENTATIONS = YES;
				CLANG_WARN_DIRECT_OBJC_ISA_USAGE = YES_ERROR;
				CLANG_WARN_DOCUMENTATION_COMMENTS = YES;
				CLANG_WARN_EMPTY_BODY = YES;
				CLANG_WARN_ENUM_CONVERSION = YES;
				CLANG_WARN_INFINITE_RECURSION = YES;
				CLANG_WARN_INT_CONVERSION = YES;
				CLANG_WARN_NON_LITERAL_NULL_CONVERSION = YES;
				CLANG_WARN_OBJC_IMPLICIT_RETAIN_SELF = YES;
				CLANG_WARN_OBJC_LITERAL_CONVERSION = YES;
				CLANG_WARN_OBJC_ROOT_CLASS = YES_ERROR;
				CLANG_WARN_QUOTED_INCLUDE_IN_FRAMEWORK_HEADER = YES;
				CLANG_WARN_RANGE_LOOP_ANALYSIS = YES;
				CLANG_WARN_STRICT_PROTOTYPES = YES;
				CLANG_WARN_SUSPICIOUS_MOVE = YES;
				CLANG_WARN_UNGUARDED_AVAILABILITY = YES_AGGRESSIVE;
				CLANG_WARN_UNREACHABLE_CODE = YES;
				CLANG_WARN__DUPLICATE_METHOD_MATCH = YES;
				COPY_PHASE_STRIP = NO;
				DEBUG_INFORMATION_FORMAT = dwarf;
				ENABLE_STRICT_OBJC_MSGSEND = YES;
				ENABLE_TESTABILITY = YES;
				GCC_C_LANGUAGE_STANDARD = gnu11;
				GCC_DYNAMIC_NO_PIC = NO;
				GCC_NO_COMMON_BLOCKS = YES;
				GCC_OPTIMIZATION_LEVEL = 0;
				GCC_PREPROCESSOR_DEFINITIONS = (
					"DEBUG=1",
					"$(inherited)",
				);
				GCC_WARN_64_TO_32_BIT_CONVERSION = YES;
				GCC_WARN_ABOUT_RETURN_TYPE = YES_ERROR;
				GCC_WARN_UNDECLARED_SELECTOR = YES;
				GCC_WARN_UNINITIALIZED_AUTOS = YES_AGGRESSIVE;
				GCC_WARN_UNUSED_FUNCTION = YES;
				GCC_WARN_UNUSED_VARIABLE = YES;
				IPHONEOS_DEPLOYMENT_TARGET = 15.2;
				MTL_ENABLE_DEBUG_INFO = INCLUDE_SOURCE;
				MTL_FAST_MATH = YES;
				ONLY_ACTIVE_ARCH = YES;
				SDKROOT = iphoneos;
				SWIFT_ACTIVE_COMPILATION_CONDITIONS = DEBUG;
				SWIFT_OPTIMIZATION_LEVEL = "-Onone";
			};
			name = Debug;
		};
		54C68F042806A6AB00AA2356 /* Release */ = {
			isa = XCBuildConfiguration;
			buildSettings = {
				ALWAYS_SEARCH_USER_PATHS = NO;
				CLANG_ANALYZER_NONNULL = YES;
				CLANG_ANALYZER_NUMBER_OBJECT_CONVERSION = YES_AGGRESSIVE;
				CLANG_CXX_LANGUAGE_STANDARD = "gnu++17";
				CLANG_CXX_LIBRARY = "libc++";
				CLANG_ENABLE_MODULES = YES;
				CLANG_ENABLE_OBJC_ARC = YES;
				CLANG_ENABLE_OBJC_WEAK = YES;
				CLANG_WARN_BLOCK_CAPTURE_AUTORELEASING = YES;
				CLANG_WARN_BOOL_CONVERSION = YES;
				CLANG_WARN_COMMA = YES;
				CLANG_WARN_CONSTANT_CONVERSION = YES;
				CLANG_WARN_DEPRECATED_OBJC_IMPLEMENTATIONS = YES;
				CLANG_WARN_DIRECT_OBJC_ISA_USAGE = YES_ERROR;
				CLANG_WARN_DOCUMENTATION_COMMENTS = YES;
				CLANG_WARN_EMPTY_BODY = YES;
				CLANG_WARN_ENUM_CONVERSION = YES;
				CLANG_WARN_INFINITE_RECURSION = YES;
				CLANG_WARN_INT_CONVERSION = YES;
				CLANG_WARN_NON_LITERAL_NULL_CONVERSION = YES;
				CLANG_WARN_OBJC_IMPLICIT_RETAIN_SELF = YES;
				CLANG_WARN_OBJC_LITERAL_CONVERSION = YES;
				CLANG_WARN_OBJC_ROOT_CLASS = YES_ERROR;
				CLANG_WARN_QUOTED_INCLUDE_IN_FRAMEWORK_HEADER = YES;
				CLANG_WARN_RANGE_LOOP_ANALYSIS = YES;
				CLANG_WARN_STRICT_PROTOTYPES = YES;
				CLANG_WARN_SUSPICIOUS_MOVE = YES;
				CLANG_WARN_UNGUARDED_AVAILABILITY = YES_AGGRESSIVE;
				CLANG_WARN_UNREACHABLE_CODE = YES;
				CLANG_WARN__DUPLICATE_METHOD_MATCH = YES;
				COPY_PHASE_STRIP = NO;
				DEBUG_INFORMATION_FORMAT = "dwarf-with-dsym";
				ENABLE_NS_ASSERTIONS = NO;
				ENABLE_STRICT_OBJC_MSGSEND = YES;
				GCC_C_LANGUAGE_STANDARD = gnu11;
				GCC_NO_COMMON_BLOCKS = YES;
				GCC_WARN_64_TO_32_BIT_CONVERSION = YES;
				GCC_WARN_ABOUT_RETURN_TYPE = YES_ERROR;
				GCC_WARN_UNDECLARED_SELECTOR = YES;
				GCC_WARN_UNINITIALIZED_AUTOS = YES_AGGRESSIVE;
				GCC_WARN_UNUSED_FUNCTION = YES;
				GCC_WARN_UNUSED_VARIABLE = YES;
				IPHONEOS_DEPLOYMENT_TARGET = 15.2;
				MTL_ENABLE_DEBUG_INFO = NO;
				MTL_FAST_MATH = YES;
				SDKROOT = iphoneos;
				SWIFT_COMPILATION_MODE = wholemodule;
				SWIFT_OPTIMIZATION_LEVEL = "-O";
				VALIDATE_PRODUCT = YES;
			};
			name = Release;
		};
		54C68F062806A6AB00AA2356 /* Debug */ = {
			isa = XCBuildConfiguration;
			buildSettings = {
				ASSETCATALOG_COMPILER_APPICON_NAME = AppIcon;
				ASSETCATALOG_COMPILER_GLOBAL_ACCENT_COLOR_NAME = AccentColor;
				CODE_SIGN_ENTITLEMENTS = iOSExample/iOSExample.entitlements;
				CODE_SIGN_STYLE = Automatic;
				CURRENT_PROJECT_VERSION = 1;
				DEVELOPMENT_TEAM = YZC2T44ZDX;
				GENERATE_INFOPLIST_FILE = YES;
				INFOPLIST_FILE = iOSExample/Info.plist;
				INFOPLIST_KEY_UIApplicationSupportsIndirectInputEvents = YES;
				INFOPLIST_KEY_UILaunchStoryboardName = LaunchScreen;
				INFOPLIST_KEY_UIMainStoryboardFile = Main;
				INFOPLIST_KEY_UISupportedInterfaceOrientations_iPad = "UIInterfaceOrientationPortrait UIInterfaceOrientationPortraitUpsideDown UIInterfaceOrientationLandscapeLeft UIInterfaceOrientationLandscapeRight";
				INFOPLIST_KEY_UISupportedInterfaceOrientations_iPhone = "UIInterfaceOrientationPortrait UIInterfaceOrientationLandscapeLeft UIInterfaceOrientationLandscapeRight";
				IPHONEOS_DEPLOYMENT_TARGET = 11.0;
				"IPHONEOS_DEPLOYMENT_TARGET[sdk=macosx*]" = 14.2;
				LD_RUNPATH_SEARCH_PATHS = (
					"$(inherited)",
					"@executable_path/Frameworks",
				);
				MARKETING_VERSION = 1.0;
				PRODUCT_BUNDLE_IDENTIFIER = nenhall.iOSExample;
				PRODUCT_NAME = "$(TARGET_NAME)";
				SUPPORTS_MACCATALYST = YES;
				SWIFT_EMIT_LOC_STRINGS = YES;
				SWIFT_VERSION = 5.0;
				TARGETED_DEVICE_FAMILY = "1,2,6";
			};
			name = Debug;
		};
		54C68F072806A6AB00AA2356 /* Release */ = {
			isa = XCBuildConfiguration;
			buildSettings = {
				ASSETCATALOG_COMPILER_APPICON_NAME = AppIcon;
				ASSETCATALOG_COMPILER_GLOBAL_ACCENT_COLOR_NAME = AccentColor;
				CODE_SIGN_ENTITLEMENTS = iOSExample/iOSExample.entitlements;
				CODE_SIGN_STYLE = Automatic;
				CURRENT_PROJECT_VERSION = 1;
				DEVELOPMENT_TEAM = YZC2T44ZDX;
				GENERATE_INFOPLIST_FILE = YES;
				INFOPLIST_FILE = iOSExample/Info.plist;
				INFOPLIST_KEY_UIApplicationSupportsIndirectInputEvents = YES;
				INFOPLIST_KEY_UILaunchStoryboardName = LaunchScreen;
				INFOPLIST_KEY_UIMainStoryboardFile = Main;
				INFOPLIST_KEY_UISupportedInterfaceOrientations_iPad = "UIInterfaceOrientationPortrait UIInterfaceOrientationPortraitUpsideDown UIInterfaceOrientationLandscapeLeft UIInterfaceOrientationLandscapeRight";
				INFOPLIST_KEY_UISupportedInterfaceOrientations_iPhone = "UIInterfaceOrientationPortrait UIInterfaceOrientationLandscapeLeft UIInterfaceOrientationLandscapeRight";
				IPHONEOS_DEPLOYMENT_TARGET = 11.0;
				"IPHONEOS_DEPLOYMENT_TARGET[sdk=macosx*]" = 14.2;
				LD_RUNPATH_SEARCH_PATHS = (
					"$(inherited)",
					"@executable_path/Frameworks",
				);
				MARKETING_VERSION = 1.0;
				PRODUCT_BUNDLE_IDENTIFIER = nenhall.iOSExample;
				PRODUCT_NAME = "$(TARGET_NAME)";
				SUPPORTS_MACCATALYST = YES;
				SWIFT_EMIT_LOC_STRINGS = YES;
				SWIFT_VERSION = 5.0;
				TARGETED_DEVICE_FAMILY = "1,2,6";
			};
			name = Release;
		};
/* End XCBuildConfiguration section */

/* Begin XCConfigurationList section */
		54C68EE92806A6AA00AA2356 /* Build configuration list for PBXProject "iOSExample" */ = {
			isa = XCConfigurationList;
			buildConfigurations = (
				54C68F032806A6AB00AA2356 /* Debug */,
				54C68F042806A6AB00AA2356 /* Release */,
			);
			defaultConfigurationIsVisible = 0;
			defaultConfigurationName = Release;
		};
		54C68F052806A6AB00AA2356 /* Build configuration list for PBXNativeTarget "iOSExample" */ = {
			isa = XCConfigurationList;
			buildConfigurations = (
				54C68F062806A6AB00AA2356 /* Debug */,
				54C68F072806A6AB00AA2356 /* Release */,
			);
			defaultConfigurationIsVisible = 0;
			defaultConfigurationName = Release;
		};
/* End XCConfigurationList section */

/* Begin XCSwiftPackageProductDependency section */
		54C68F4D2806ED9C00AA2356 /* iOS */ = {
			isa = XCSwiftPackageProductDependency;
			productName = iOS;
		};
/* End XCSwiftPackageProductDependency section */

/* Begin XCVersionGroup section */
		54C68EFA2806A6AA00AA2356 /* iOSExample.xcdatamodeld */ = {
			isa = XCVersionGroup;
			children = (
				54C68EFB2806A6AA00AA2356 /* iOSExample.xcdatamodel */,
			);
			currentVersion = 54C68EFB2806A6AA00AA2356 /* iOSExample.xcdatamodel */;
			path = iOSExample.xcdatamodeld;
			sourceTree = "<group>";
			versionGroupType = wrapper.xcdatamodel;
		};
/* End XCVersionGroup section */
	};
	rootObject = 54C68EE62806A6AA00AA2356 /* Project object */;
}
