// !$*UTF8*$!
{
	archiveVersion = 1;
	classes = {
	};
	objectVersion = 50;
	objects = {

/* Begin PBXBuildFile section */
		5411AF8427982EEA0096A633 /* FileManager+extend.swift in Sources */ = {isa = PBXBuildFile; fileRef = 5411AF8327982EEA0096A633 /* FileManager+extend.swift */; };
		547D0572272146040030ACD0 /* UIWindowController.swift in Sources */ = {isa = PBXBuildFile; fileRef = 547D0570272146040030ACD0 /* UIWindowController.swift */; };
		547D0573272146040030ACD0 /* UIWindowController.xib in Resources */ = {isa = PBXBuildFile; fileRef = 547D0571272146040030ACD0 /* UIWindowController.xib */; };
		547D0579272154C70030ACD0 /* CocoaUIKit.framework in Frameworks */ = {isa = PBXBuildFile; fileRef = 547D0578272154C70030ACD0 /* CocoaUIKit.framework */; };
		547D057A272154CE0030ACD0 /* CocoaUIKit.framework in CopyFiles */ = {isa = PBXBuildFile; fileRef = 547D0578272154C70030ACD0 /* CocoaUIKit.framework */; settings = {ATTRIBUTES = (CodeSignOnCopy, RemoveHeadersOnCopy, ); }; };
		EE53BA93271BF8AC00015282 /* AppDelegate.swift in Sources */ = {isa = PBXBuildFile; fileRef = EE53BA92271BF8AC00015282 /* AppDelegate.swift */; };
		EE53BA95271BF8AC00015282 /* ViewController.swift in Sources */ = {isa = PBXBuildFile; fileRef = EE53BA94271BF8AC00015282 /* ViewController.swift */; };
		EE53BA98271BF8AC00015282 /* Example.xcdatamodeld in Sources */ = {isa = PBXBuildFile; fileRef = EE53BA96271BF8AC00015282 /* Example.xcdatamodeld */; };
		EE53BA9A271BF8AF00015282 /* Assets.xcassets in Resources */ = {isa = PBXBuildFile; fileRef = EE53BA99271BF8AF00015282 /* Assets.xcassets */; };
		EE53BA9D271BF8AF00015282 /* Main.storyboard in Resources */ = {isa = PBXBuildFile; fileRef = EE53BA9B271BF8AF00015282 /* Main.storyboard */; };
/* End PBXBuildFile section */

/* Begin PBXCopyFilesBuildPhase section */
		EE53BB11271C011900015282 /* CopyFiles */ = {
			isa = PBXCopyFilesBuildPhase;
			buildActionMask = 2147483647;
			dstPath = "";
			dstSubfolderSpec = 10;
			files = (
				547D057A272154CE0030ACD0 /* CocoaUIKit.framework in CopyFiles */,
			);
			runOnlyForDeploymentPostprocessing = 0;
		};
/* End PBXCopyFilesBuildPhase section */

/* Begin PBXFileReference section */
		5411AF8327982EEA0096A633 /* FileManager+extend.swift */ = {isa = PBXFileReference; lastKnownFileType = sourcecode.swift; path = "FileManager+extend.swift"; sourceTree = "<group>"; };
		543B49F9271D664800CEBF8C /* Info.plist */ = {isa = PBXFileReference; fileEncoding = 4; lastKnownFileType = text.plist.xml; path = Info.plist; sourceTree = "<group>"; };
		547D0570272146040030ACD0 /* UIWindowController.swift */ = {isa = PBXFileReference; lastKnownFileType = sourcecode.swift; path = UIWindowController.swift; sourceTree = "<group>"; };
		547D0571272146040030ACD0 /* UIWindowController.xib */ = {isa = PBXFileReference; lastKnownFileType = file.xib; path = UIWindowController.xib; sourceTree = "<group>"; };
		547D0578272154C70030ACD0 /* CocoaUIKit.framework */ = {isa = PBXFileReference; explicitFileType = wrapper.framework; path = CocoaUIKit.framework; sourceTree = BUILT_PRODUCTS_DIR; };
		EE53BA8F271BF8AC00015282 /* Example.app */ = {isa = PBXFileReference; explicitFileType = wrapper.application; includeInIndex = 0; path = Example.app; sourceTree = BUILT_PRODUCTS_DIR; };
		EE53BA92271BF8AC00015282 /* AppDelegate.swift */ = {isa = PBXFileReference; lastKnownFileType = sourcecode.swift; path = AppDelegate.swift; sourceTree = "<group>"; };
		EE53BA94271BF8AC00015282 /* ViewController.swift */ = {isa = PBXFileReference; lastKnownFileType = sourcecode.swift; path = ViewController.swift; sourceTree = "<group>"; };
		EE53BA97271BF8AC00015282 /* Example.xcdatamodel */ = {isa = PBXFileReference; lastKnownFileType = wrapper.xcdatamodel; path = Example.xcdatamodel; sourceTree = "<group>"; };
		EE53BA99271BF8AF00015282 /* Assets.xcassets */ = {isa = PBXFileReference; lastKnownFileType = folder.assetcatalog; path = Assets.xcassets; sourceTree = "<group>"; };
		EE53BA9C271BF8AF00015282 /* Base */ = {isa = PBXFileReference; lastKnownFileType = file.storyboard; name = Base; path = Base.lproj/Main.storyboard; sourceTree = "<group>"; };
		EE53BA9E271BF8AF00015282 /* Example.entitlements */ = {isa = PBXFileReference; lastKnownFileType = text.plist.entitlements; path = Example.entitlements; sourceTree = "<group>"; };
/* End PBXFileReference section */

/* Begin PBXFrameworksBuildPhase section */
		EE53BA8C271BF8AC00015282 /* Frameworks */ = {
			isa = PBXFrameworksBuildPhase;
			buildActionMask = 2147483647;
			files = (
				547D0579272154C70030ACD0 /* CocoaUIKit.framework in Frameworks */,
			);
			runOnlyForDeploymentPostprocessing = 0;
		};
/* End PBXFrameworksBuildPhase section */

/* Begin PBXGroup section */
		EE53BA86271BF8AC00015282 = {
			isa = PBXGroup;
			children = (
				EE53BA91271BF8AC00015282 /* Example */,
				EE53BA90271BF8AC00015282 /* Products */,
				EE53BB0E271C011000015282 /* Frameworks */,
			);
			sourceTree = "<group>";
		};
		EE53BA90271BF8AC00015282 /* Products */ = {
			isa = PBXGroup;
			children = (
				EE53BA8F271BF8AC00015282 /* Example.app */,
			);
			name = Products;
			sourceTree = "<group>";
		};
		EE53BA91271BF8AC00015282 /* Example */ = {
			isa = PBXGroup;
			children = (
				EE53BA92271BF8AC00015282 /* AppDelegate.swift */,
				EE53BA94271BF8AC00015282 /* ViewController.swift */,
				547D0570272146040030ACD0 /* UIWindowController.swift */,
				547D0571272146040030ACD0 /* UIWindowController.xib */,
				5411AF8327982EEA0096A633 /* FileManager+extend.swift */,
				EE53BA99271BF8AF00015282 /* Assets.xcassets */,
				EE53BA9B271BF8AF00015282 /* Main.storyboard */,
				EE53BA9E271BF8AF00015282 /* Example.entitlements */,
				543B49F9271D664800CEBF8C /* Info.plist */,
				EE53BA96271BF8AC00015282 /* Example.xcdatamodeld */,
			);
			path = Example;
			sourceTree = "<group>";
		};
		EE53BB0E271C011000015282 /* Frameworks */ = {
			isa = PBXGroup;
			children = (
				547D0578272154C70030ACD0 /* CocoaUIKit.framework */,
			);
			name = Frameworks;
			sourceTree = "<group>";
		};
/* End PBXGroup section */

/* Begin PBXNativeTarget section */
		EE53BA8E271BF8AC00015282 /* Example */ = {
			isa = PBXNativeTarget;
			buildConfigurationList = EE53BAA1271BF8AF00015282 /* Build configuration list for PBXNativeTarget "Example" */;
			buildPhases = (
				EE53BA8B271BF8AC00015282 /* Sources */,
				EE53BA8C271BF8AC00015282 /* Frameworks */,
				EE53BA8D271BF8AC00015282 /* Resources */,
				EE53BB11271C011900015282 /* CopyFiles */,
			);
			buildRules = (
			);
			dependencies = (
			);
			name = Example;
			productName = Example;
			productReference = EE53BA8F271BF8AC00015282 /* Example.app */;
			productType = "com.apple.product-type.application";
		};
/* End PBXNativeTarget section */

/* Begin PBXProject section */
		EE53BA87271BF8AC00015282 /* Project object */ = {
			isa = PBXProject;
			attributes = {
				LastSwiftUpdateCheck = 1300;
				LastUpgradeCheck = 1300;
				TargetAttributes = {
					EE53BA8E271BF8AC00015282 = {
						CreatedOnToolsVersion = 13.0;
					};
				};
			};
			buildConfigurationList = EE53BA8A271BF8AC00015282 /* Build configuration list for PBXProject "Example" */;
			compatibilityVersion = "Xcode 9.3";
			developmentRegion = en;
			hasScannedForEncodings = 0;
			knownRegions = (
				en,
				Base,
			);
			mainGroup = EE53BA86271BF8AC00015282;
			productRefGroup = EE53BA90271BF8AC00015282 /* Products */;
			projectDirPath = "";
			projectRoot = "";
			targets = (
				EE53BA8E271BF8AC00015282 /* Example */,
			);
		};
/* End PBXProject section */

/* Begin PBXResourcesBuildPhase section */
		EE53BA8D271BF8AC00015282 /* Resources */ = {
			isa = PBXResourcesBuildPhase;
			buildActionMask = 2147483647;
			files = (
				EE53BA9A271BF8AF00015282 /* Assets.xcassets in Resources */,
				547D0573272146040030ACD0 /* UIWindowController.xib in Resources */,
				EE53BA9D271BF8AF00015282 /* Main.storyboard in Resources */,
			);
			runOnlyForDeploymentPostprocessing = 0;
		};
/* End PBXResourcesBuildPhase section */

/* Begin PBXSourcesBuildPhase section */
		EE53BA8B271BF8AC00015282 /* Sources */ = {
			isa = PBXSourcesBuildPhase;
			buildActionMask = 2147483647;
			files = (
				EE53BA95271BF8AC00015282 /* ViewController.swift in Sources */,
				EE53BA98271BF8AC00015282 /* Example.xcdatamodeld in Sources */,
				5411AF8427982EEA0096A633 /* FileManager+extend.swift in Sources */,
				EE53BA93271BF8AC00015282 /* AppDelegate.swift in Sources */,
				547D0572272146040030ACD0 /* UIWindowController.swift in Sources */,
			);
			runOnlyForDeploymentPostprocessing = 0;
		};
/* End PBXSourcesBuildPhase section */

/* Begin PBXVariantGroup section */
		EE53BA9B271BF8AF00015282 /* Main.storyboard */ = {
			isa = PBXVariantGroup;
			children = (
				EE53BA9C271BF8AF00015282 /* Base */,
			);
			name = Main.storyboard;
			sourceTree = "<group>";
		};
/* End PBXVariantGroup section */

/* Begin XCBuildConfiguration section */
		EE53BA9F271BF8AF00015282 /* Debug */ = {
			isa = XCBuildConfiguration;
			buildSettings = {
				ALWAYS_SEARCH_USER_PATHS = NO;
				CLANG_ANALYZER_NONNULL = YES;
				CLANG_ANALYZER_NUMBER_OBJECT_CONVERSION = YES_AGGRESSIVE;
				CLANG_CXX_LANGUAGE_STANDARD = "gnu++17";
				CLANG_CXX_LIBRARY = "libc++";
				CLANG_ENABLE_MODULES = YES;
				CLANG_ENABLE_OBJC_ARC = YES;
				CLANG_ENABLE_OBJC_WEAK = YES;
				CLANG_WARN_BLOCK_CAPTURE_AUTORELEASING = YES;
				CLANG_WARN_BOOL_CONVERSION = YES;
				CLANG_WARN_COMMA = YES;
				CLANG_WARN_CONSTANT_CONVERSION = YES;
				CLANG_WARN_DEPRECATED_OBJC_IMPLEMENTATIONS = YES;
				CLANG_WARN_DIRECT_OBJC_ISA_USAGE = YES_ERROR;
				CLANG_WARN_DOCUMENTATION_COMMENTS = YES;
				CLANG_WARN_EMPTY_BODY = YES;
				CLANG_WARN_ENUM_CONVERSION = YES;
				CLANG_WARN_INFINITE_RECURSION = YES;
				CLANG_WARN_INT_CONVERSION = YES;
				CLANG_WARN_NON_LITERAL_NULL_CONVERSION = YES;
				CLANG_WARN_OBJC_IMPLICIT_RETAIN_SELF = YES;
				CLANG_WARN_OBJC_LITERAL_CONVERSION = YES;
				CLANG_WARN_OBJC_ROOT_CLASS = YES_ERROR;
				CLANG_WARN_QUOTED_INCLUDE_IN_FRAMEWORK_HEADER = YES;
				CLANG_WARN_RANGE_LOOP_ANALYSIS = YES;
				CLANG_WARN_STRICT_PROTOTYPES = YES;
				CLANG_WARN_SUSPICIOUS_MOVE = YES;
				CLANG_WARN_UNGUARDED_AVAILABILITY = YES_AGGRESSIVE;
				CLANG_WARN_UNREACHABLE_CODE = YES;
				CLANG_WARN__DUPLICATE_METHOD_MATCH = YES;
				COPY_PHASE_STRIP = NO;
				DEBUG_INFORMATION_FORMAT = dwarf;
				ENABLE_STRICT_OBJC_MSGSEND = YES;
				ENABLE_TESTABILITY = YES;
				GCC_C_LANGUAGE_STANDARD = gnu11;
				GCC_DYNAMIC_NO_PIC = NO;
				GCC_NO_COMMON_BLOCKS = YES;
				GCC_OPTIMIZATION_LEVEL = 0;
				GCC_PREPROCESSOR_DEFINITIONS = (
					"DEBUG=1",
					"$(inherited)",
				);
				GCC_WARN_64_TO_32_BIT_CONVERSION = YES;
				GCC_WARN_ABOUT_RETURN_TYPE = YES_ERROR;
				GCC_WARN_UNDECLARED_SELECTOR = YES;
				GCC_WARN_UNINITIALIZED_AUTOS = YES_AGGRESSIVE;
				GCC_WARN_UNUSED_FUNCTION = YES;
				GCC_WARN_UNUSED_VARIABLE = YES;
				MACOSX_DEPLOYMENT_TARGET = 11.3;
				MTL_ENABLE_DEBUG_INFO = INCLUDE_SOURCE;
				MTL_FAST_MATH = YES;
				ONLY_ACTIVE_ARCH = YES;
				SDKROOT = macosx;
				SWIFT_ACTIVE_COMPILATION_CONDITIONS = DEBUG;
				SWIFT_OPTIMIZATION_LEVEL = "-Onone";
			};
			name = Debug;
		};
		EE53BAA0271BF8AF00015282 /* Release */ = {
			isa = XCBuildConfiguration;
			buildSettings = {
				ALWAYS_SEARCH_USER_PATHS = NO;
				CLANG_ANALYZER_NONNULL = YES;
				CLANG_ANALYZER_NUMBER_OBJECT_CONVERSION = YES_AGGRESSIVE;
				CLANG_CXX_LANGUAGE_STANDARD = "gnu++17";
				CLANG_CXX_LIBRARY = "libc++";
				CLANG_ENABLE_MODULES = YES;
				CLANG_ENABLE_OBJC_ARC = YES;
				CLANG_ENABLE_OBJC_WEAK = YES;
				CLANG_WARN_BLOCK_CAPTURE_AUTORELEASING = YES;
				CLANG_WARN_BOOL_CONVERSION = YES;
				CLANG_WARN_COMMA = YES;
				CLANG_WARN_CONSTANT_CONVERSION = YES;
				CLANG_WARN_DEPRECATED_OBJC_IMPLEMENTATIONS = YES;
				CLANG_WARN_DIRECT_OBJC_ISA_USAGE = YES_ERROR;
				CLANG_WARN_DOCUMENTATION_COMMENTS = YES;
				CLANG_WARN_EMPTY_BODY = YES;
				CLANG_WARN_ENUM_CONVERSION = YES;
				CLANG_WARN_INFINITE_RECURSION = YES;
				CLANG_WARN_INT_CONVERSION = YES;
				CLANG_WARN_NON_LITERAL_NULL_CONVERSION = YES;
				CLANG_WARN_OBJC_IMPLICIT_RETAIN_SELF = YES;
				CLANG_WARN_OBJC_LITERAL_CONVERSION = YES;
				CLANG_WARN_OBJC_ROOT_CLASS = YES_ERROR;
				CLANG_WARN_QUOTED_INCLUDE_IN_FRAMEWORK_HEADER = YES;
				CLANG_WARN_RANGE_LOOP_ANALYSIS = YES;
				CLANG_WARN_STRICT_PROTOTYPES = YES;
				CLANG_WARN_SUSPICIOUS_MOVE = YES;
				CLANG_WARN_UNGUARDED_AVAILABILITY = YES_AGGRESSIVE;
				CLANG_WARN_UNREACHABLE_CODE = YES;
				CLANG_WARN__DUPLICATE_METHOD_MATCH = YES;
				COPY_PHASE_STRIP = NO;
				DEBUG_INFORMATION_FORMAT = "dwarf-with-dsym";
				ENABLE_NS_ASSERTIONS = NO;
				ENABLE_STRICT_OBJC_MSGSEND = YES;
				GCC_C_LANGUAGE_STANDARD = gnu11;
				GCC_NO_COMMON_BLOCKS = YES;
				GCC_WARN_64_TO_32_BIT_CONVERSION = YES;
				GCC_WARN_ABOUT_RETURN_TYPE = YES_ERROR;
				GCC_WARN_UNDECLARED_SELECTOR = YES;
				GCC_WARN_UNINITIALIZED_AUTOS = YES_AGGRESSIVE;
				GCC_WARN_UNUSED_FUNCTION = YES;
				GCC_WARN_UNUSED_VARIABLE = YES;
				MACOSX_DEPLOYMENT_TARGET = 11.3;
				MTL_ENABLE_DEBUG_INFO = NO;
				MTL_FAST_MATH = YES;
				SDKROOT = macosx;
				SWIFT_COMPILATION_MODE = wholemodule;
				SWIFT_OPTIMIZATION_LEVEL = "-O";
			};
			name = Release;
		};
		EE53BAA2271BF8AF00015282 /* Debug */ = {
			isa = XCBuildConfiguration;
			buildSettings = {
				ASSETCATALOG_COMPILER_APPICON_NAME = AppIcon;
				ASSETCATALOG_COMPILER_GLOBAL_ACCENT_COLOR_NAME = AccentColor;
				CODE_SIGN_ENTITLEMENTS = Example/Example.entitlements;
				CODE_SIGN_STYLE = Automatic;
				COMBINE_HIDPI_IMAGES = YES;
				CURRENT_PROJECT_VERSION = 1;
				DEVELOPMENT_TEAM = YZC2T44ZDX;
				ENABLE_HARDENED_RUNTIME = YES;
				GENERATE_INFOPLIST_FILE = YES;
				INFOPLIST_FILE = Example/Info.plist;
				INFOPLIST_KEY_NSHumanReadableCopyright = "";
				INFOPLIST_KEY_NSMainStoryboardFile = Main;
				INFOPLIST_KEY_NSPrincipalClass = NSApplication;
				INFOPLIST_PREPROCESS = NO;
				LD_RUNPATH_SEARCH_PATHS = (
					"$(inherited)",
					"@executable_path/../Frameworks",
				);
				MACOSX_DEPLOYMENT_TARGET = 10.14;
				MARKETING_VERSION = 1.0;
				PRODUCT_BUNDLE_IDENTIFIER = nenhall.Example;
				PRODUCT_NAME = "$(TARGET_NAME)";
				SWIFT_EMIT_LOC_STRINGS = YES;
				SWIFT_VERSION = 5.0;
			};
			name = Debug;
		};
		EE53BAA3271BF8AF00015282 /* Release */ = {
			isa = XCBuildConfiguration;
			buildSettings = {
				ASSETCATALOG_COMPILER_APPICON_NAME = AppIcon;
				ASSETCATALOG_COMPILER_GLOBAL_ACCENT_COLOR_NAME = AccentColor;
				CODE_SIGN_ENTITLEMENTS = Example/Example.entitlements;
				CODE_SIGN_STYLE = Automatic;
				COMBINE_HIDPI_IMAGES = YES;
				CURRENT_PROJECT_VERSION = 1;
				DEVELOPMENT_TEAM = YZC2T44ZDX;
				ENABLE_HARDENED_RUNTIME = YES;
				GENERATE_INFOPLIST_FILE = YES;
				INFOPLIST_FILE = Example/Info.plist;
				INFOPLIST_KEY_NSHumanReadableCopyright = "";
				INFOPLIST_KEY_NSMainStoryboardFile = Main;
				INFOPLIST_KEY_NSPrincipalClass = NSApplication;
				INFOPLIST_PREPROCESS = NO;
				LD_RUNPATH_SEARCH_PATHS = (
					"$(inherited)",
					"@executable_path/../Frameworks",
				);
				MACOSX_DEPLOYMENT_TARGET = 10.14;
				MARKETING_VERSION = 1.0;
				PRODUCT_BUNDLE_IDENTIFIER = nenhall.Example;
				PRODUCT_NAME = "$(TARGET_NAME)";
				SWIFT_EMIT_LOC_STRINGS = YES;
				SWIFT_VERSION = 5.0;
			};
			name = Release;
		};
/* End XCBuildConfiguration section */

/* Begin XCConfigurationList section */
		EE53BA8A271BF8AC00015282 /* Build configuration list for PBXProject "Example" */ = {
			isa = XCConfigurationList;
			buildConfigurations = (
				EE53BA9F271BF8AF00015282 /* Debug */,
				EE53BAA0271BF8AF00015282 /* Release */,
			);
			defaultConfigurationIsVisible = 0;
			defaultConfigurationName = Release;
		};
		EE53BAA1271BF8AF00015282 /* Build configuration list for PBXNativeTarget "Example" */ = {
			isa = XCConfigurationList;
			buildConfigurations = (
				EE53BAA2271BF8AF00015282 /* Debug */,
				EE53BAA3271BF8AF00015282 /* Release */,
			);
			defaultConfigurationIsVisible = 0;
			defaultConfigurationName = Release;
		};
/* End XCConfigurationList section */

/* Begin XCVersionGroup section */
		EE53BA96271BF8AC00015282 /* Example.xcdatamodeld */ = {
			isa = XCVersionGroup;
			children = (
				EE53BA97271BF8AC00015282 /* Example.xcdatamodel */,
			);
			currentVersion = EE53BA97271BF8AC00015282 /* Example.xcdatamodel */;
			path = Example.xcdatamodeld;
			sourceTree = "<group>";
			versionGroupType = wrapper.xcdatamodel;
		};
/* End XCVersionGroup section */
	};
	rootObject = EE53BA87271BF8AC00015282 /* Project object */;
}
